// !$*UTF8*$!
{
	archiveVersion = 1;
	classes = {
	};
	objectVersion = 48;
	objects = {

/* Begin PBXBuildFile section */
		7A1CDCC3204935D0004A8165 /* AFURLResponseSerialization.m in Sources */ = {isa = PBXBuildFile; fileRef = 7A1CDCB8204935CF004A8165 /* AFURLResponseSerialization.m */; };
		7A1CDCC4204935D0004A8165 /* AFURLSessionManager.m in Sources */ = {isa = PBXBuildFile; fileRef = 7A1CDCBA204935CF004A8165 /* AFURLSessionManager.m */; };
		7A1CDCC5204935D0004A8165 /* AFHTTPSessionManager.m in Sources */ = {isa = PBXBuildFile; fileRef = 7A1CDCBB204935CF004A8165 /* AFHTTPSessionManager.m */; };
		7A1CDCC6204935D0004A8165 /* AFNetworkReachabilityManager.m in Sources */ = {isa = PBXBuildFile; fileRef = 7A1CDCBC204935CF004A8165 /* AFNetworkReachabilityManager.m */; };
		7A1CDCC7204935D0004A8165 /* AFURLRequestSerialization.m in Sources */ = {isa = PBXBuildFile; fileRef = 7A1CDCC1204935CF004A8165 /* AFURLRequestSerialization.m */; };
		7A1CDCC8204935D0004A8165 /* AFSecurityPolicy.m in Sources */ = {isa = PBXBuildFile; fileRef = 7A1CDCC2204935D0004A8165 /* AFSecurityPolicy.m */; };
		7A4EED2620267BED0069D00C /* AppDelegate.m in Sources */ = {isa = PBXBuildFile; fileRef = 7A4EED2520267BED0069D00C /* AppDelegate.m */; };
		7A4EED2C20267BED0069D00C /* Main.storyboard in Resources */ = {isa = PBXBuildFile; fileRef = 7A4EED2A20267BED0069D00C /* Main.storyboard */; };
		7A4EED2E20267BED0069D00C /* Assets.xcassets in Resources */ = {isa = PBXBuildFile; fileRef = 7A4EED2D20267BED0069D00C /* Assets.xcassets */; };
		7A4EED3120267BED0069D00C /* LaunchScreen.storyboard in Resources */ = {isa = PBXBuildFile; fileRef = 7A4EED2F20267BED0069D00C /* LaunchScreen.storyboard */; };
		7A4EED3420267BED0069D00C /* main.m in Sources */ = {isa = PBXBuildFile; fileRef = 7A4EED3320267BED0069D00C /* main.m */; };
		7A4EED3E20267BED0069D00C /* oscorpAppTests.m in Sources */ = {isa = PBXBuildFile; fileRef = 7A4EED3D20267BED0069D00C /* oscorpAppTests.m */; };
		7A4EED4920267BED0069D00C /* oscorpAppUITests.m in Sources */ = {isa = PBXBuildFile; fileRef = 7A4EED4820267BED0069D00C /* oscorpAppUITests.m */; };
		7A4EED58202682EE0069D00C /* description.m in Sources */ = {isa = PBXBuildFile; fileRef = 7A4EED57202682EE0069D00C /* description.m */; };
/* End PBXBuildFile section */

/* Begin PBXContainerItemProxy section */
		7A4EED3A20267BED0069D00C /* PBXContainerItemProxy */ = {
			isa = PBXContainerItemProxy;
			containerPortal = 7A4EED1920267BED0069D00C /* Project object */;
			proxyType = 1;
			remoteGlobalIDString = 7A4EED2020267BED0069D00C;
			remoteInfo = oscorpApp;
		};
		7A4EED4520267BED0069D00C /* PBXContainerItemProxy */ = {
			isa = PBXContainerItemProxy;
			containerPortal = 7A4EED1920267BED0069D00C /* Project object */;
			proxyType = 1;
			remoteGlobalIDString = 7A4EED2020267BED0069D00C;
			remoteInfo = oscorpApp;
		};
/* End PBXContainerItemProxy section */

/* Begin PBXFileReference section */
		7A1CDCB6204935CF004A8165 /* AFNetworkReachabilityManager.h */ = {isa = PBXFileReference; fileEncoding = 4; lastKnownFileType = sourcecode.c.h; path = AFNetworkReachabilityManager.h; sourceTree = "<group>"; };
		7A1CDCB7204935CF004A8165 /* AFNetworking.h */ = {isa = PBXFileReference; fileEncoding = 4; lastKnownFileType = sourcecode.c.h; path = AFNetworking.h; sourceTree = "<group>"; };
		7A1CDCB8204935CF004A8165 /* AFURLResponseSerialization.m */ = {isa = PBXFileReference; fileEncoding = 4; lastKnownFileType = sourcecode.c.objc; path = AFURLResponseSerialization.m; sourceTree = "<group>"; };
		7A1CDCB9204935CF004A8165 /* AFURLSessionManager.h */ = {isa = PBXFileReference; fileEncoding = 4; lastKnownFileType = sourcecode.c.h; path = AFURLSessionManager.h; sourceTree = "<group>"; };
		7A1CDCBA204935CF004A8165 /* AFURLSessionManager.m */ = {isa = PBXFileReference; fileEncoding = 4; lastKnownFileType = sourcecode.c.objc; path = AFURLSessionManager.m; sourceTree = "<group>"; };
		7A1CDCBB204935CF004A8165 /* AFHTTPSessionManager.m */ = {isa = PBXFileReference; fileEncoding = 4; lastKnownFileType = sourcecode.c.objc; path = AFHTTPSessionManager.m; sourceTree = "<group>"; };
		7A1CDCBC204935CF004A8165 /* AFNetworkReachabilityManager.m */ = {isa = PBXFileReference; fileEncoding = 4; lastKnownFileType = sourcecode.c.objc; path = AFNetworkReachabilityManager.m; sourceTree = "<group>"; };
		7A1CDCBD204935CF004A8165 /* AFSecurityPolicy.h */ = {isa = PBXFileReference; fileEncoding = 4; lastKnownFileType = sourcecode.c.h; path = AFSecurityPolicy.h; sourceTree = "<group>"; };
		7A1CDCBE204935CF004A8165 /* AFHTTPSessionManager.h */ = {isa = PBXFileReference; fileEncoding = 4; lastKnownFileType = sourcecode.c.h; path = AFHTTPSessionManager.h; sourceTree = "<group>"; };
		7A1CDCBF204935CF004A8165 /* AFURLRequestSerialization.h */ = {isa = PBXFileReference; fileEncoding = 4; lastKnownFileType = sourcecode.c.h; path = AFURLRequestSerialization.h; sourceTree = "<group>"; };
		7A1CDCC0204935CF004A8165 /* AFURLResponseSerialization.h */ = {isa = PBXFileReference; fileEncoding = 4; lastKnownFileType = sourcecode.c.h; path = AFURLResponseSerialization.h; sourceTree = "<group>"; };
		7A1CDCC1204935CF004A8165 /* AFURLRequestSerialization.m */ = {isa = PBXFileReference; fileEncoding = 4; lastKnownFileType = sourcecode.c.objc; path = AFURLRequestSerialization.m; sourceTree = "<group>"; };
		7A1CDCC2204935D0004A8165 /* AFSecurityPolicy.m */ = {isa = PBXFileReference; fileEncoding = 4; lastKnownFileType = sourcecode.c.objc; path = AFSecurityPolicy.m; sourceTree = "<group>"; };
		7A4EED2120267BED0069D00C /* oscorpApp.app */ = {isa = PBXFileReference; explicitFileType = wrapper.application; includeInIndex = 0; path = oscorpApp.app; sourceTree = BUILT_PRODUCTS_DIR; };
		7A4EED2420267BED0069D00C /* AppDelegate.h */ = {isa = PBXFileReference; lastKnownFileType = sourcecode.c.h; path = AppDelegate.h; sourceTree = "<group>"; };
		7A4EED2520267BED0069D00C /* AppDelegate.m */ = {isa = PBXFileReference; lastKnownFileType = sourcecode.c.objc; path = AppDelegate.m; sourceTree = "<group>"; };
		7A4EED2B20267BED0069D00C /* Base */ = {isa = PBXFileReference; lastKnownFileType = file.storyboard; name = Base; path = Base.lproj/Main.storyboard; sourceTree = "<group>"; };
		7A4EED2D20267BED0069D00C /* Assets.xcassets */ = {isa = PBXFileReference; lastKnownFileType = folder.assetcatalog; path = Assets.xcassets; sourceTree = "<group>"; };
		7A4EED3020267BED0069D00C /* Base */ = {isa = PBXFileReference; lastKnownFileType = file.storyboard; name = Base; path = Base.lproj/LaunchScreen.storyboard; sourceTree = "<group>"; };
		7A4EED3220267BED0069D00C /* Info.plist */ = {isa = PBXFileReference; lastKnownFileType = text.plist.xml; path = Info.plist; sourceTree = "<group>"; };
		7A4EED3320267BED0069D00C /* main.m */ = {isa = PBXFileReference; lastKnownFileType = sourcecode.c.objc; path = main.m; sourceTree = "<group>"; };
		7A4EED3920267BED0069D00C /* oscorpAppTests.xctest */ = {isa = PBXFileReference; explicitFileType = wrapper.cfbundle; includeInIndex = 0; path = oscorpAppTests.xctest; sourceTree = BUILT_PRODUCTS_DIR; };
		7A4EED3D20267BED0069D00C /* oscorpAppTests.m */ = {isa = PBXFileReference; lastKnownFileType = sourcecode.c.objc; path = oscorpAppTests.m; sourceTree = "<group>"; };
		7A4EED3F20267BED0069D00C /* Info.plist */ = {isa = PBXFileReference; lastKnownFileType = text.plist.xml; path = Info.plist; sourceTree = "<group>"; };
		7A4EED4420267BED0069D00C /* oscorpAppUITests.xctest */ = {isa = PBXFileReference; explicitFileType = wrapper.cfbundle; includeInIndex = 0; path = oscorpAppUITests.xctest; sourceTree = BUILT_PRODUCTS_DIR; };
		7A4EED4820267BED0069D00C /* oscorpAppUITests.m */ = {isa = PBXFileReference; lastKnownFileType = sourcecode.c.objc; path = oscorpAppUITests.m; sourceTree = "<group>"; };
		7A4EED4A20267BED0069D00C /* Info.plist */ = {isa = PBXFileReference; lastKnownFileType = text.plist.xml; path = Info.plist; sourceTree = "<group>"; };
		7A4EED56202682EE0069D00C /* description.h */ = {isa = PBXFileReference; lastKnownFileType = sourcecode.c.h; path = description.h; sourceTree = "<group>"; };
		7A4EED57202682EE0069D00C /* description.m */ = {isa = PBXFileReference; lastKnownFileType = sourcecode.c.objc; path = description.m; sourceTree = "<group>"; };
/* End PBXFileReference section */

/* Begin PBXFrameworksBuildPhase section */
		7A4EED1E20267BED0069D00C /* Frameworks */ = {
			isa = PBXFrameworksBuildPhase;
			buildActionMask = 2147483647;
			files = (
			);
			runOnlyForDeploymentPostprocessing = 0;
		};
		7A4EED3620267BED0069D00C /* Frameworks */ = {
			isa = PBXFrameworksBuildPhase;
			buildActionMask = 2147483647;
			files = (
			);
			runOnlyForDeploymentPostprocessing = 0;
		};
		7A4EED4120267BED0069D00C /* Frameworks */ = {
			isa = PBXFrameworksBuildPhase;
			buildActionMask = 2147483647;
			files = (
			);
			runOnlyForDeploymentPostprocessing = 0;
		};
/* End PBXFrameworksBuildPhase section */

/* Begin PBXGroup section */
		7A1CDCB5204935B4004A8165 /* AFNetworkingg */ = {
			isa = PBXGroup;
			children = (
				7A1CDCBE204935CF004A8165 /* AFHTTPSessionManager.h */,
				7A1CDCBB204935CF004A8165 /* AFHTTPSessionManager.m */,
				7A1CDCB7204935CF004A8165 /* AFNetworking.h */,
				7A1CDCB6204935CF004A8165 /* AFNetworkReachabilityManager.h */,
				7A1CDCBC204935CF004A8165 /* AFNetworkReachabilityManager.m */,
				7A1CDCBD204935CF004A8165 /* AFSecurityPolicy.h */,
				7A1CDCC2204935D0004A8165 /* AFSecurityPolicy.m */,
				7A1CDCBF204935CF004A8165 /* AFURLRequestSerialization.h */,
				7A1CDCC1204935CF004A8165 /* AFURLRequestSerialization.m */,
				7A1CDCC0204935CF004A8165 /* AFURLResponseSerialization.h */,
				7A1CDCB8204935CF004A8165 /* AFURLResponseSerialization.m */,
				7A1CDCB9204935CF004A8165 /* AFURLSessionManager.h */,
				7A1CDCBA204935CF004A8165 /* AFURLSessionManager.m */,
			);
			name = AFNetworkingg;
			path = "New Group";
			sourceTree = "<group>";
		};
		7A4EED1820267BED0069D00C = {
			isa = PBXGroup;
			children = (
				7A4EED2320267BED0069D00C /* oscorpApp */,
				7A4EED3C20267BED0069D00C /* oscorpAppTests */,
				7A4EED4720267BED0069D00C /* oscorpAppUITests */,
				7A4EED2220267BED0069D00C /* Products */,
			);
			sourceTree = "<group>";
		};
		7A4EED2220267BED0069D00C /* Products */ = {
			isa = PBXGroup;
			children = (
				7A4EED2120267BED0069D00C /* oscorpApp.app */,
				7A4EED3920267BED0069D00C /* oscorpAppTests.xctest */,
				7A4EED4420267BED0069D00C /* oscorpAppUITests.xctest */,
			);
			name = Products;
			sourceTree = "<group>";
		};
		7A4EED2320267BED0069D00C /* oscorpApp */ = {
			isa = PBXGroup;
			children = (
				7A1CDCB5204935B4004A8165 /* AFNetworkingg */,
				7A4EED56202682EE0069D00C /* description.h */,
				7A4EED57202682EE0069D00C /* description.m */,
				7A4EED2420267BED0069D00C /* AppDelegate.h */,
				7A4EED2520267BED0069D00C /* AppDelegate.m */,
				7A4EED2A20267BED0069D00C /* Main.storyboard */,
				7A4EED2D20267BED0069D00C /* Assets.xcassets */,
				7A4EED2F20267BED0069D00C /* LaunchScreen.storyboard */,
				7A4EED3220267BED0069D00C /* Info.plist */,
				7A4EED3320267BED0069D00C /* main.m */,
			);
			path = oscorpApp;
			sourceTree = "<group>";
		};
		7A4EED3C20267BED0069D00C /* oscorpAppTests */ = {
			isa = PBXGroup;
			children = (
				7A4EED3D20267BED0069D00C /* oscorpAppTests.m */,
				7A4EED3F20267BED0069D00C /* Info.plist */,
			);
			path = oscorpAppTests;
			sourceTree = "<group>";
		};
		7A4EED4720267BED0069D00C /* oscorpAppUITests */ = {
			isa = PBXGroup;
			children = (
				7A4EED4820267BED0069D00C /* oscorpAppUITests.m */,
				7A4EED4A20267BED0069D00C /* Info.plist */,
			);
			path = oscorpAppUITests;
			sourceTree = "<group>";
		};
/* End PBXGroup section */

/* Begin PBXNativeTarget section */
		7A4EED2020267BED0069D00C /* oscorpApp */ = {
			isa = PBXNativeTarget;
			buildConfigurationList = 7A4EED4D20267BED0069D00C /* Build configuration list for PBXNativeTarget "oscorpApp" */;
			buildPhases = (
				7A4EED1D20267BED0069D00C /* Sources */,
				7A4EED1E20267BED0069D00C /* Frameworks */,
				7A4EED1F20267BED0069D00C /* Resources */,
			);
			buildRules = (
			);
			dependencies = (
			);
			name = oscorpApp;
			productName = oscorpApp;
			productReference = 7A4EED2120267BED0069D00C /* oscorpApp.app */;
			productType = "com.apple.product-type.application";
		};
		7A4EED3820267BED0069D00C /* oscorpAppTests */ = {
			isa = PBXNativeTarget;
			buildConfigurationList = 7A4EED5020267BED0069D00C /* Build configuration list for PBXNativeTarget "oscorpAppTests" */;
			buildPhases = (
				7A4EED3520267BED0069D00C /* Sources */,
				7A4EED3620267BED0069D00C /* Frameworks */,
				7A4EED3720267BED0069D00C /* Resources */,
			);
			buildRules = (
			);
			dependencies = (
				7A4EED3B20267BED0069D00C /* PBXTargetDependency */,
			);
			name = oscorpAppTests;
			productName = oscorpAppTests;
			productReference = 7A4EED3920267BED0069D00C /* oscorpAppTests.xctest */;
			productType = "com.apple.product-type.bundle.unit-test";
		};
		7A4EED4320267BED0069D00C /* oscorpAppUITests */ = {
			isa = PBXNativeTarget;
			buildConfigurationList = 7A4EED5320267BED0069D00C /* Build configuration list for PBXNativeTarget "oscorpAppUITests" */;
			buildPhases = (
				7A4EED4020267BED0069D00C /* Sources */,
				7A4EED4120267BED0069D00C /* Frameworks */,
				7A4EED4220267BED0069D00C /* Resources */,
			);
			buildRules = (
			);
			dependencies = (
				7A4EED4620267BED0069D00C /* PBXTargetDependency */,
			);
			name = oscorpAppUITests;
			productName = oscorpAppUITests;
			productReference = 7A4EED4420267BED0069D00C /* oscorpAppUITests.xctest */;
			productType = "com.apple.product-type.bundle.ui-testing";
		};
/* End PBXNativeTarget section */

/* Begin PBXProject section */
		7A4EED1920267BED0069D00C /* Project object */ = {
			isa = PBXProject;
			attributes = {
				LastUpgradeCheck = 0920;
				ORGANIZATIONNAME = "Antonio Torres";
				TargetAttributes = {
					7A4EED2020267BED0069D00C = {
						CreatedOnToolsVersion = 9.2;
						ProvisioningStyle = Automatic;
					};
					7A4EED3820267BED0069D00C = {
						CreatedOnToolsVersion = 9.2;
						ProvisioningStyle = Automatic;
						TestTargetID = 7A4EED2020267BED0069D00C;
					};
					7A4EED4320267BED0069D00C = {
						CreatedOnToolsVersion = 9.2;
						ProvisioningStyle = Automatic;
						TestTargetID = 7A4EED2020267BED0069D00C;
					};
				};
			};
			buildConfigurationList = 7A4EED1C20267BED0069D00C /* Build configuration list for PBXProject "oscorpApp" */;
			compatibilityVersion = "Xcode 8.0";
			developmentRegion = en;
			hasScannedForEncodings = 0;
			knownRegions = (
				en,
				Base,
			);
			mainGroup = 7A4EED1820267BED0069D00C;
			productRefGroup = 7A4EED2220267BED0069D00C /* Products */;
			projectDirPath = "";
			projectRoot = "";
			targets = (
				7A4EED2020267BED0069D00C /* oscorpApp */,
				7A4EED3820267BED0069D00C /* oscorpAppTests */,
				7A4EED4320267BED0069D00C /* oscorpAppUITests */,
			);
		};
/* End PBXProject section */

/* Begin PBXResourcesBuildPhase section */
		7A4EED1F20267BED0069D00C /* Resources */ = {
			isa = PBXResourcesBuildPhase;
			buildActionMask = 2147483647;
			files = (
				7A4EED3120267BED0069D00C /* LaunchScreen.storyboard in Resources */,
				7A4EED2E20267BED0069D00C /* Assets.xcassets in Resources */,
				7A4EED2C20267BED0069D00C /* Main.storyboard in Resources */,
			);
			runOnlyForDeploymentPostprocessing = 0;
		};
		7A4EED3720267BED0069D00C /* Resources */ = {
			isa = PBXResourcesBuildPhase;
			buildActionMask = 2147483647;
			files = (
			);
			runOnlyForDeploymentPostprocessing = 0;
		};
		7A4EED4220267BED0069D00C /* Resources */ = {
			isa = PBXResourcesBuildPhase;
			buildActionMask = 2147483647;
			files = (
			);
			runOnlyForDeploymentPostprocessing = 0;
		};
/* End PBXResourcesBuildPhase section */

/* Begin PBXSourcesBuildPhase section */
		7A4EED1D20267BED0069D00C /* Sources */ = {
			isa = PBXSourcesBuildPhase;
			buildActionMask = 2147483647;
			files = (
				7A1CDCC4204935D0004A8165 /* AFURLSessionManager.m in Sources */,
				7A1CDCC8204935D0004A8165 /* AFSecurityPolicy.m in Sources */,
				7A4EED3420267BED0069D00C /* main.m in Sources */,
				7A4EED2620267BED0069D00C /* AppDelegate.m in Sources */,
				7A1CDCC6204935D0004A8165 /* AFNetworkReachabilityManager.m in Sources */,
				7A1CDCC5204935D0004A8165 /* AFHTTPSessionManager.m in Sources */,
				7A1CDCC3204935D0004A8165 /* AFURLResponseSerialization.m in Sources */,
				7A4EED58202682EE0069D00C /* description.m in Sources */,
				7A1CDCC7204935D0004A8165 /* AFURLRequestSerialization.m in Sources */,
			);
			runOnlyForDeploymentPostprocessing = 0;
		};
		7A4EED3520267BED0069D00C /* Sources */ = {
			isa = PBXSourcesBuildPhase;
			buildActionMask = 2147483647;
			files = (
				7A4EED3E20267BED0069D00C /* oscorpAppTests.m in Sources */,
			);
			runOnlyForDeploymentPostprocessing = 0;
		};
		7A4EED4020267BED0069D00C /* Sources */ = {
			isa = PBXSourcesBuildPhase;
			buildActionMask = 2147483647;
			files = (
				7A4EED4920267BED0069D00C /* oscorpAppUITests.m in Sources */,
			);
			runOnlyForDeploymentPostprocessing = 0;
		};
/* End PBXSourcesBuildPhase section */

/* Begin PBXTargetDependency section */
		7A4EED3B20267BED0069D00C /* PBXTargetDependency */ = {
			isa = PBXTargetDependency;
			target = 7A4EED2020267BED0069D00C /* oscorpApp */;
			targetProxy = 7A4EED3A20267BED0069D00C /* PBXContainerItemProxy */;
		};
		7A4EED4620267BED0069D00C /* PBXTargetDependency */ = {
			isa = PBXTargetDependency;
			target = 7A4EED2020267BED0069D00C /* oscorpApp */;
			targetProxy = 7A4EED4520267BED0069D00C /* PBXContainerItemProxy */;
		};
/* End PBXTargetDependency section */

/* Begin PBXVariantGroup section */
		7A4EED2A20267BED0069D00C /* Main.storyboard */ = {
			isa = PBXVariantGroup;
			children = (
				7A4EED2B20267BED0069D00C /* Base */,
			);
			name = Main.storyboard;
			sourceTree = "<group>";
		};
		7A4EED2F20267BED0069D00C /* LaunchScreen.storyboard */ = {
			isa = PBXVariantGroup;
			children = (
				7A4EED3020267BED0069D00C /* Base */,
			);
			name = LaunchScreen.storyboard;
			sourceTree = "<group>";
		};
/* End PBXVariantGroup section */

/* Begin XCBuildConfiguration section */
		7A4EED4B20267BED0069D00C /* Debug */ = {
			isa = XCBuildConfiguration;
			buildSettings = {
				ALWAYS_SEARCH_USER_PATHS = NO;
				CLANG_ANALYZER_NONNULL = YES;
				CLANG_ANALYZER_NUMBER_OBJECT_CONVERSION = YES_AGGRESSIVE;
				CLANG_CXX_LANGUAGE_STANDARD = "gnu++14";
				CLANG_CXX_LIBRARY = "libc++";
				CLANG_ENABLE_MODULES = YES;
				CLANG_ENABLE_OBJC_ARC = YES;
				CLANG_WARN_BLOCK_CAPTURE_AUTORELEASING = YES;
				CLANG_WARN_BOOL_CONVERSION = YES;
				CLANG_WARN_COMMA = YES;
				CLANG_WARN_CONSTANT_CONVERSION = YES;
				CLANG_WARN_DIRECT_OBJC_ISA_USAGE = YES_ERROR;
				CLANG_WARN_DOCUMENTATION_COMMENTS = YES;
				CLANG_WARN_EMPTY_BODY = YES;
				CLANG_WARN_ENUM_CONVERSION = YES;
				CLANG_WARN_INFINITE_RECURSION = YES;
				CLANG_WARN_INT_CONVERSION = YES;
				CLANG_WARN_NON_LITERAL_NULL_CONVERSION = YES;
				CLANG_WARN_OBJC_LITERAL_CONVERSION = YES;
				CLANG_WARN_OBJC_ROOT_CLASS = YES_ERROR;
				CLANG_WARN_RANGE_LOOP_ANALYSIS = YES;
				CLANG_WARN_STRICT_PROTOTYPES = YES;
				CLANG_WARN_SUSPICIOUS_MOVE = YES;
				CLANG_WARN_UNGUARDED_AVAILABILITY = YES_AGGRESSIVE;
				CLANG_WARN_UNREACHABLE_CODE = YES;
				CLANG_WARN__DUPLICATE_METHOD_MATCH = YES;
				CODE_SIGN_IDENTITY = "iPhone Developer";
				COPY_PHASE_STRIP = NO;
				DEBUG_INFORMATION_FORMAT = dwarf;
				ENABLE_STRICT_OBJC_MSGSEND = YES;
				ENABLE_TESTABILITY = YES;
				GCC_C_LANGUAGE_STANDARD = gnu11;
				GCC_DYNAMIC_NO_PIC = NO;
				GCC_NO_COMMON_BLOCKS = YES;
				GCC_OPTIMIZATION_LEVEL = 0;
				GCC_PREPROCESSOR_DEFINITIONS = (
					"DEBUG=1",
					"$(inherited)",
				);
				GCC_WARN_64_TO_32_BIT_CONVERSION = YES;
				GCC_WARN_ABOUT_RETURN_TYPE = YES_ERROR;
				GCC_WARN_UNDECLARED_SELECTOR = YES;
				GCC_WARN_UNINITIALIZED_AUTOS = YES_AGGRESSIVE;
				GCC_WARN_UNUSED_FUNCTION = YES;
				GCC_WARN_UNUSED_VARIABLE = YES;
				IPHONEOS_DEPLOYMENT_TARGET = 11.2;
				MTL_ENABLE_DEBUG_INFO = YES;
				ONLY_ACTIVE_ARCH = YES;
				SDKROOT = iphoneos;
			};
			name = Debug;
		};
		7A4EED4C20267BED0069D00C /* Release */ = {
			isa = XCBuildConfiguration;
			buildSettings = {
				ALWAYS_SEARCH_USER_PATHS = NO;
				CLANG_ANALYZER_NONNULL = YES;
				CLANG_ANALYZER_NUMBER_OBJECT_CONVERSION = YES_AGGRESSIVE;
				CLANG_CXX_LANGUAGE_STANDARD = "gnu++14";
				CLANG_CXX_LIBRARY = "libc++";
				CLANG_ENABLE_MODULES = YES;
				CLANG_ENABLE_OBJC_ARC = YES;
				CLANG_WARN_BLOCK_CAPTURE_AUTORELEASING = YES;
				CLANG_WARN_BOOL_CONVERSION = YES;
				CLANG_WARN_COMMA = YES;
				CLANG_WARN_CONSTANT_CONVERSION = YES;
				CLANG_WARN_DIRECT_OBJC_ISA_USAGE = YES_ERROR;
				CLANG_WARN_DOCUMENTATION_COMMENTS = YES;
				CLANG_WARN_EMPTY_BODY = YES;
				CLANG_WARN_ENUM_CONVERSION = YES;
				CLANG_WARN_INFINITE_RECURSION = YES;
				CLANG_WARN_INT_CONVERSION = YES;
				CLANG_WARN_NON_LITERAL_NULL_CONVERSION = YES;
				CLANG_WARN_OBJC_LITERAL_CONVERSION = YES;
				CLANG_WARN_OBJC_ROOT_CLASS = YES_ERROR;
				CLANG_WARN_RANGE_LOOP_ANALYSIS = YES;
				CLANG_WARN_STRICT_PROTOTYPES = YES;
				CLANG_WARN_SUSPICIOUS_MOVE = YES;
				CLANG_WARN_UNGUARDED_AVAILABILITY = YES_AGGRESSIVE;
				CLANG_WARN_UNREACHABLE_CODE = YES;
				CLANG_WARN__DUPLICATE_METHOD_MATCH = YES;
				CODE_SIGN_IDENTITY = "iPhone Developer";
				COPY_PHASE_STRIP = NO;
				DEBUG_INFORMATION_FORMAT = "dwarf-with-dsym";
				ENABLE_NS_ASSERTIONS = NO;
				ENABLE_STRICT_OBJC_MSGSEND = YES;
				GCC_C_LANGUAGE_STANDARD = gnu11;
				GCC_NO_COMMON_BLOCKS = YES;
				GCC_WARN_64_TO_32_BIT_CONVERSION = YES;
				GCC_WARN_ABOUT_RETURN_TYPE = YES_ERROR;
				GCC_WARN_UNDECLARED_SELECTOR = YES;
				GCC_WARN_UNINITIALIZED_AUTOS = YES_AGGRESSIVE;
				GCC_WARN_UNUSED_FUNCTION = YES;
				GCC_WARN_UNUSED_VARIABLE = YES;
				IPHONEOS_DEPLOYMENT_TARGET = 11.2;
				MTL_ENABLE_DEBUG_INFO = NO;
				SDKROOT = iphoneos;
				VALIDATE_PRODUCT = YES;
			};
			name = Release;
		};
		7A4EED4E20267BED0069D00C /* Debug */ = {
			isa = XCBuildConfiguration;
			buildSettings = {
				ASSETCATALOG_COMPILER_APPICON_NAME = AppIcon;
				CODE_SIGN_STYLE = Automatic;
				DEVELOPMENT_TEAM = 2Q49D7QMF5;
				INFOPLIST_FILE = oscorpApp/Info.plist;
				IPHONEOS_DEPLOYMENT_TARGET = 9.0;
				LD_RUNPATH_SEARCH_PATHS = "$(inherited) @executable_path/Frameworks";
				PRODUCT_BUNDLE_IDENTIFIER = antoniotrrs.oscorp.oscorp;
				PRODUCT_NAME = "$(TARGET_NAME)";
				TARGETED_DEVICE_FAMILY = "1,2";
			};
			name = Debug;
		};
		7A4EED4F20267BED0069D00C /* Release */ = {
			isa = XCBuildConfiguration;
			buildSettings = {
				ASSETCATALOG_COMPILER_APPICON_NAME = AppIcon;
				CODE_SIGN_STYLE = Automatic;
				DEVELOPMENT_TEAM = 2Q49D7QMF5;
				INFOPLIST_FILE = oscorpApp/Info.plist;
				IPHONEOS_DEPLOYMENT_TARGET = 9.0;
				LD_RUNPATH_SEARCH_PATHS = "$(inherited) @executable_path/Frameworks";
				PRODUCT_BUNDLE_IDENTIFIER = antoniotrrs.oscorp.oscorp;
				PRODUCT_NAME = "$(TARGET_NAME)";
				TARGETED_DEVICE_FAMILY = "1,2";
			};
			name = Release;
		};
		7A4EED5120267BED0069D00C /* Debug */ = {
			isa = XCBuildConfiguration;
			buildSettings = {
				BUNDLE_LOADER = "$(TEST_HOST)";
				CODE_SIGN_STYLE = Automatic;
				DEVELOPMENT_TEAM = 2Q49D7QMF5;
				INFOPLIST_FILE = oscorpAppTests/Info.plist;
				LD_RUNPATH_SEARCH_PATHS = "$(inherited) @executable_path/Frameworks @loader_path/Frameworks";
				PRODUCT_BUNDLE_IDENTIFIER = antoniotrrs.oscorp.oscorpAppTests;
				PRODUCT_NAME = "$(TARGET_NAME)";
				TARGETED_DEVICE_FAMILY = "1,2";
				TEST_HOST = "$(BUILT_PRODUCTS_DIR)/oscorpApp.app/oscorpApp";
			};
			name = Debug;
		};
		7A4EED5220267BED0069D00C /* Release */ = {
			isa = XCBuildConfiguration;
			buildSettings = {
				BUNDLE_LOADER = "$(TEST_HOST)";
				CODE_SIGN_STYLE = Automatic;
				DEVELOPMENT_TEAM = 2Q49D7QMF5;
				INFOPLIST_FILE = oscorpAppTests/Info.plist;
				LD_RUNPATH_SEARCH_PATHS = "$(inherited) @executable_path/Frameworks @loader_path/Frameworks";
				PRODUCT_BUNDLE_IDENTIFIER = antoniotrrs.oscorp.oscorpAppTests;
				PRODUCT_NAME = "$(TARGET_NAME)";
				TARGETED_DEVICE_FAMILY = "1,2";
				TEST_HOST = "$(BUILT_PRODUCTS_DIR)/oscorpApp.app/oscorpApp";
			};
			name = Release;
		};
		7A4EED5420267BED0069D00C /* Debug */ = {
			isa = XCBuildConfiguration;
			buildSettings = {
				CODE_SIGN_STYLE = Automatic;
				DEVELOPMENT_TEAM = 2Q49D7QMF5;
				INFOPLIST_FILE = oscorpAppUITests/Info.plist;
				LD_RUNPATH_SEARCH_PATHS = "$(inherited) @executable_path/Frameworks @loader_path/Frameworks";
				PRODUCT_BUNDLE_IDENTIFIER = antoniotrrs.oscorp.oscorpAppUITests;
				PRODUCT_NAME = "$(TARGET_NAME)";
				TARGETED_DEVICE_FAMILY = "1,2";
				TEST_TARGET_NAME = oscorpApp;
			};
			name = Debug;
		};
		7A4EED5520267BED0069D00C /* Release */ = {
			isa = XCBuildConfiguration;
			buildSettings = {
				CODE_SIGN_STYLE = Automatic;
				DEVELOPMENT_TEAM = 2Q49D7QMF5;
				INFOPLIST_FILE = oscorpAppUITests/Info.plist;
				LD_RUNPATH_SEARCH_PATHS = "$(inherited) @executable_path/Frameworks @loader_path/Frameworks";
				PRODUCT_BUNDLE_IDENTIFIER = antoniotrrs.oscorp.oscorpAppUITests;
				PRODUCT_NAME = "$(TARGET_NAME)";
				TARGETED_DEVICE_FAMILY = "1,2";
				TEST_TARGET_NAME = oscorpApp;
			};
			name = Release;
		};
/* End XCBuildConfiguration section */

/* Begin XCConfigurationList section */
		7A4EED1C20267BED0069D00C /* Build configuration list for PBXProject "oscorpApp" */ = {
			isa = XCConfigurationList;
			buildConfigurations = (
				7A4EED4B20267BED0069D00C /* Debug */,
				7A4EED4C20267BED0069D00C /* Release */,
			);
			defaultConfigurationIsVisible = 0;
			defaultConfigurationName = Release;
		};
		7A4EED4D20267BED0069D00C /* Build configuration list for PBXNativeTarget "oscorpApp" */ = {
			isa = XCConfigurationList;
			buildConfigurations = (
				7A4EED4E20267BED0069D00C /* Debug */,
				7A4EED4F20267BED0069D00C /* Release */,
			);
			defaultConfigurationIsVisible = 0;
			defaultConfigurationName = Release;
		};
		7A4EED5020267BED0069D00C /* Build configuration list for PBXNativeTarget "oscorpAppTests" */ = {
			isa = XCConfigurationList;
			buildConfigurations = (
				7A4EED5120267BED0069D00C /* Debug */,
				7A4EED5220267BED0069D00C /* Release */,
			);
			defaultConfigurationIsVisible = 0;
			defaultConfigurationName = Release;
		};
		7A4EED5320267BED0069D00C /* Build configuration list for PBXNativeTarget "oscorpAppUITests" */ = {
			isa = XCConfigurationList;
			buildConfigurations = (
				7A4EED5420267BED0069D00C /* Debug */,
				7A4EED5520267BED0069D00C /* Release */,
			);
			defaultConfigurationIsVisible = 0;
			defaultConfigurationName = Release;
		};
/* End XCConfigurationList section */
	};
	rootObject = 7A4EED1920267BED0069D00C /* Project object */;
}
